{
  "name": "test-payment-template",
  "version": "1.0.0",
  "lockfileVersion": 3,
  "requires": true,
  "packages": {
    "": {
      "name": "test-payment-template",
      "version": "1.0.0",
      "license": "ISC"
    },
    "..": {
      "version": "1.0.0",
      "extraneous": true,
      "hasInstallScript": true,
      "license": "ISC",
      "dependencies": {
        "commander": "^11.0.0",
        "fs-extra": "^11.2.0"
      },
      "bin": {
        "payment": "bin/payment.ts"
      },
      "devDependencies": {
        "@types/node": "^22.4.0",
        "typescript": "^5.5.4"
      }
    }
  }
}
